
Microsoft Visual Studio Solution File, Format Version 12.00
# Visual Studio Version 16
VisualStudioVersion = 16.0.31829.152
MinimumVisualStudioVersion = 10.0.40219.1
Project("{FAE04EC0-301F-11D3-BF4B-00C04F79EFBC}") = "BMS_Random_Test_Generator", "BMS_Random_Test_Generator.csproj", "{31E60AB4-EC40-49F3-8DE7-60D8E53CB6E1}"
EndProject
Global
	GlobalSection(SolutionConfigurationPlatforms) = preSolution
		Debug|Any CPU = Debug|Any CPU
		Release|Any CPU = Release|Any CPU
	EndGlobalSection
	GlobalSection(ProjectConfigurationPlatforms) = postSolution
		{31E60AB4-EC40-49F3-8DE7-60D8E53CB6E1}.Debug|Any CPU.ActiveCfg = Debug|Any CPU
		{31E60AB4-EC40-49F3-8DE7-60D8E53CB6E1}.Debug|Any CPU.Build.0 = Debug|Any CPU
		{31E60AB4-EC40-49F3-8DE7-60D8E53CB6E1}.Release|Any CPU.ActiveCfg = Release|Any CPU
		{31E60AB4-EC40-49F3-8DE7-60D8E53CB6E1}.Release|Any CPU.Build.0 = Release|Any CPU
	EndGlobalSection
	GlobalSection(SolutionProperties) = preSolution
		HideSolutionNode = FALSE
	EndGlobalSection
	GlobalSection(ExtensibilityGlobals) = postSolution
		SolutionGuid = {25A96696-E0AF-4EA3-A46B-4DE853FDCB8E}
	EndGlobalSection
EndGlobal
